// !$*UTF8*$!
{
	archiveVersion = 1;
	classes = {
	};
	objectVersion = 46;
	objects = {

/* Begin PBXBuildFile section */
		476278981E1B869000FED091 /* AllQandAsTableViewController.swift in Sources */ = {isa = PBXBuildFile; fileRef = 476278971E1B869000FED091 /* AllQandAsTableViewController.swift */; };
		479A279E1E1A870F00AB905B /* AppDelegate.swift in Sources */ = {isa = PBXBuildFile; fileRef = 479A279D1E1A870F00AB905B /* AppDelegate.swift */; };
		479A27A31E1A870F00AB905B /* Main.storyboard in Resources */ = {isa = PBXBuildFile; fileRef = 479A27A11E1A870F00AB905B /* Main.storyboard */; };
		479A27A51E1A870F00AB905B /* Assets.xcassets in Resources */ = {isa = PBXBuildFile; fileRef = 479A27A41E1A870F00AB905B /* Assets.xcassets */; };
		479A27A81E1A870F00AB905B /* LaunchScreen.storyboard in Resources */ = {isa = PBXBuildFile; fileRef = 479A27A61E1A870F00AB905B /* LaunchScreen.storyboard */; };
		479A27B31E1A883800AB905B /* CloudKitExtensions.swift in Sources */ = {isa = PBXBuildFile; fileRef = 479A27B01E1A883800AB905B /* CloudKitExtensions.swift */; };
		479A27B41E1A883800AB905B /* QandAAccessoryTableViewController.swift in Sources */ = {isa = PBXBuildFile; fileRef = 479A27B11E1A883800AB905B /* QandAAccessoryTableViewController.swift */; };
		479A27B51E1A883800AB905B /* QandATableViewController.swift in Sources */ = {isa = PBXBuildFile; fileRef = 479A27B21E1A883800AB905B /* QandATableViewController.swift */; };
		479A27B71E1A888000AB905B /* TextTableViewController.swift in Sources */ = {isa = PBXBuildFile; fileRef = 479A27B61E1A888000AB905B /* TextTableViewController.swift */; };
		479A27B91E1A8A3C00AB905B /* CloudQandATableViewController.swift in Sources */ = {isa = PBXBuildFile; fileRef = 479A27B81E1A8A3C00AB905B /* CloudQandATableViewController.swift */; };
		479A27BD1E1A97C300AB905B /* CloudKit.framework in Frameworks */ = {isa = PBXBuildFile; fileRef = 479A27BC1E1A97C300AB905B /* CloudKit.framework */; };
/* End PBXBuildFile section */

/* Begin PBXFileReference section */
		476278971E1B869000FED091 /* AllQandAsTableViewController.swift */ = {isa = PBXFileReference; fileEncoding = 4; lastKnownFileType = sourcecode.swift; path = AllQandAsTableViewController.swift; sourceTree = "<group>"; };
		479A279A1E1A870F00AB905B /* Pollster.app */ = {isa = PBXFileReference; explicitFileType = wrapper.application; includeInIndex = 0; path = Pollster.app; sourceTree = BUILT_PRODUCTS_DIR; };
		479A279D1E1A870F00AB905B /* AppDelegate.swift */ = {isa = PBXFileReference; lastKnownFileType = sourcecode.swift; path = AppDelegate.swift; sourceTree = "<group>"; };
		479A27A21E1A870F00AB905B /* Base */ = {isa = PBXFileReference; lastKnownFileType = file.storyboard; name = Base; path = Base.lproj/Main.storyboard; sourceTree = "<group>"; };
		479A27A41E1A870F00AB905B /* Assets.xcassets */ = {isa = PBXFileReference; lastKnownFileType = folder.assetcatalog; path = Assets.xcassets; sourceTree = "<group>"; };
		479A27A71E1A870F00AB905B /* Base */ = {isa = PBXFileReference; lastKnownFileType = file.storyboard; name = Base; path = Base.lproj/LaunchScreen.storyboard; sourceTree = "<group>"; };
		479A27A91E1A870F00AB905B /* Info.plist */ = {isa = PBXFileReference; lastKnownFileType = text.plist.xml; path = Info.plist; sourceTree = "<group>"; };
		479A27B01E1A883800AB905B /* CloudKitExtensions.swift */ = {isa = PBXFileReference; fileEncoding = 4; lastKnownFileType = sourcecode.swift; path = CloudKitExtensions.swift; sourceTree = "<group>"; };
		479A27B11E1A883800AB905B /* QandAAccessoryTableViewController.swift */ = {isa = PBXFileReference; fileEncoding = 4; lastKnownFileType = sourcecode.swift; path = QandAAccessoryTableViewController.swift; sourceTree = "<group>"; };
		479A27B21E1A883800AB905B /* QandATableViewController.swift */ = {isa = PBXFileReference; fileEncoding = 4; lastKnownFileType = sourcecode.swift; path = QandATableViewController.swift; sourceTree = "<group>"; };
		479A27B61E1A888000AB905B /* TextTableViewController.swift */ = {isa = PBXFileReference; fileEncoding = 4; lastKnownFileType = sourcecode.swift; path = TextTableViewController.swift; sourceTree = "<group>"; };
		479A27B81E1A8A3C00AB905B /* CloudQandATableViewController.swift */ = {isa = PBXFileReference; fileEncoding = 4; lastKnownFileType = sourcecode.swift; path = CloudQandATableViewController.swift; sourceTree = "<group>"; };
		479A27BA1E1A97C000AB905B /* Pollster.entitlements */ = {isa = PBXFileReference; lastKnownFileType = text.plist.entitlements; path = Pollster.entitlements; sourceTree = "<group>"; };
		479A27BC1E1A97C300AB905B /* CloudKit.framework */ = {isa = PBXFileReference; lastKnownFileType = wrapper.framework; name = CloudKit.framework; path = System/Library/Frameworks/CloudKit.framework; sourceTree = SDKROOT; };
/* End PBXFileReference section */

/* Begin PBXFrameworksBuildPhase section */
		479A27971E1A870F00AB905B /* Frameworks */ = {
			isa = PBXFrameworksBuildPhase;
			buildActionMask = 2147483647;
			files = (
				479A27BD1E1A97C300AB905B /* CloudKit.framework in Frameworks */,
			);
			runOnlyForDeploymentPostprocessing = 0;
		};
/* End PBXFrameworksBuildPhase section */

/* Begin PBXGroup section */
		479A27911E1A870F00AB905B = {
			isa = PBXGroup;
			children = (
				479A279C1E1A870F00AB905B /* Pollster */,
				479A279B1E1A870F00AB905B /* Products */,
				479A27BB1E1A97C300AB905B /* Frameworks */,
			);
			sourceTree = "<group>";
		};
		479A279B1E1A870F00AB905B /* Products */ = {
			isa = PBXGroup;
			children = (
				479A279A1E1A870F00AB905B /* Pollster.app */,
			);
			name = Products;
			sourceTree = "<group>";
		};
		479A279C1E1A870F00AB905B /* Pollster */ = {
			isa = PBXGroup;
			children = (
				479A27BA1E1A97C000AB905B /* Pollster.entitlements */,
				479A27AF1E1A878F00AB905B /* Supporting */,
				479A27A11E1A870F00AB905B /* Main.storyboard */,
				476278971E1B869000FED091 /* AllQandAsTableViewController.swift */,
				479A27B81E1A8A3C00AB905B /* CloudQandATableViewController.swift */,
				479A279D1E1A870F00AB905B /* AppDelegate.swift */,
			);
			path = Pollster;
			sourceTree = "<group>";
		};
		479A27AF1E1A878F00AB905B /* Supporting */ = {
			isa = PBXGroup;
			children = (
				479A27B61E1A888000AB905B /* TextTableViewController.swift */,
				479A27B01E1A883800AB905B /* CloudKitExtensions.swift */,
				479A27B11E1A883800AB905B /* QandAAccessoryTableViewController.swift */,
				479A27B21E1A883800AB905B /* QandATableViewController.swift */,
				479A27A41E1A870F00AB905B /* Assets.xcassets */,
				479A27A61E1A870F00AB905B /* LaunchScreen.storyboard */,
				479A27A91E1A870F00AB905B /* Info.plist */,
			);
			name = Supporting;
			sourceTree = "<group>";
		};
		479A27BB1E1A97C300AB905B /* Frameworks */ = {
			isa = PBXGroup;
			children = (
				479A27BC1E1A97C300AB905B /* CloudKit.framework */,
			);
			name = Frameworks;
			sourceTree = "<group>";
		};
/* End PBXGroup section */

/* Begin PBXNativeTarget section */
		479A27991E1A870F00AB905B /* Pollster */ = {
			isa = PBXNativeTarget;
			buildConfigurationList = 479A27AC1E1A870F00AB905B /* Build configuration list for PBXNativeTarget "Pollster" */;
			buildPhases = (
				479A27961E1A870F00AB905B /* Sources */,
				479A27971E1A870F00AB905B /* Frameworks */,
				479A27981E1A870F00AB905B /* Resources */,
			);
			buildRules = (
			);
			dependencies = (
			);
			name = Pollster;
			productName = Pollster;
			productReference = 479A279A1E1A870F00AB905B /* Pollster.app */;
			productType = "com.apple.product-type.application";
		};
/* End PBXNativeTarget section */

/* Begin PBXProject section */
		479A27921E1A870F00AB905B /* Project object */ = {
			isa = PBXProject;
			attributes = {
				LastSwiftUpdateCheck = 0820;
				LastUpgradeCheck = 0820;
				ORGANIZATIONNAME = "Aleksei Neronov";
				TargetAttributes = {
					479A27991E1A870F00AB905B = {
						CreatedOnToolsVersion = 8.2.1;
						DevelopmentTeam = 5D8357SCSF;
						ProvisioningStyle = Automatic;
						SystemCapabilities = {
							com.apple.Push = {
								enabled = 1;
							};
							com.apple.iCloud = {
								enabled = 1;
							};
						};
					};
				};
			};
			buildConfigurationList = 479A27951E1A870F00AB905B /* Build configuration list for PBXProject "Pollster" */;
			compatibilityVersion = "Xcode 3.2";
			developmentRegion = English;
			hasScannedForEncodings = 0;
			knownRegions = (
				en,
				Base,
			);
			mainGroup = 479A27911E1A870F00AB905B;
			productRefGroup = 479A279B1E1A870F00AB905B /* Products */;
			projectDirPath = "";
			projectRoot = "";
			targets = (
				479A27991E1A870F00AB905B /* Pollster */,
			);
		};
/* End PBXProject section */

/* Begin PBXResourcesBuildPhase section */
		479A27981E1A870F00AB905B /* Resources */ = {
			isa = PBXResourcesBuildPhase;
			buildActionMask = 2147483647;
			files = (
				479A27A81E1A870F00AB905B /* LaunchScreen.storyboard in Resources */,
				479A27A51E1A870F00AB905B /* Assets.xcassets in Resources */,
				479A27A31E1A870F00AB905B /* Main.storyboard in Resources */,
			);
			runOnlyForDeploymentPostprocessing = 0;
		};
/* End PBXResourcesBuildPhase section */

/* Begin PBXSourcesBuildPhase section */
		479A27961E1A870F00AB905B /* Sources */ = {
			isa = PBXSourcesBuildPhase;
			buildActionMask = 2147483647;
			files = (
				479A27B71E1A888000AB905B /* TextTableViewController.swift in Sources */,
				479A27B91E1A8A3C00AB905B /* CloudQandATableViewController.swift in Sources */,
				479A27B31E1A883800AB905B /* CloudKitExtensions.swift in Sources */,
				479A27B51E1A883800AB905B /* QandATableViewController.swift in Sources */,
				479A279E1E1A870F00AB905B /* AppDelegate.swift in Sources */,
				476278981E1B869000FED091 /* AllQandAsTableViewController.swift in Sources */,
				479A27B41E1A883800AB905B /* QandAAccessoryTableViewController.swift in Sources */,
			);
			runOnlyForDeploymentPostprocessing = 0;
		};
/* End PBXSourcesBuildPhase section */

/* Begin PBXVariantGroup section */
		479A27A11E1A870F00AB905B /* Main.storyboard */ = {
			isa = PBXVariantGroup;
			children = (
				479A27A21E1A870F00AB905B /* Base */,
			);
			name = Main.storyboard;
			sourceTree = "<group>";
		};
		479A27A61E1A870F00AB905B /* LaunchScreen.storyboard */ = {
			isa = PBXVariantGroup;
			children = (
				479A27A71E1A870F00AB905B /* Base */,
			);
			name = LaunchScreen.storyboard;
			sourceTree = "<group>";
		};
/* End PBXVariantGroup section */

/* Begin XCBuildConfiguration section */
		479A27AA1E1A870F00AB905B /* Debug */ = {
			isa = XCBuildConfiguration;
			buildSettings = {
				ALWAYS_SEARCH_USER_PATHS = NO;
				CLANG_ANALYZER_NONNULL = YES;
				CLANG_CXX_LANGUAGE_STANDARD = "gnu++0x";
				CLANG_CXX_LIBRARY = "libc++";
				CLANG_ENABLE_MODULES = YES;
				CLANG_ENABLE_OBJC_ARC = YES;
				CLANG_WARN_BOOL_CONVERSION = YES;
				CLANG_WARN_CONSTANT_CONVERSION = YES;
				CLANG_WARN_DIRECT_OBJC_ISA_USAGE = YES_ERROR;
				CLANG_WARN_DOCUMENTATION_COMMENTS = YES;
				CLANG_WARN_EMPTY_BODY = YES;
				CLANG_WARN_ENUM_CONVERSION = YES;
				CLANG_WARN_INFINITE_RECURSION = YES;
				CLANG_WARN_INT_CONVERSION = YES;
				CLANG_WARN_OBJC_ROOT_CLASS = YES_ERROR;
				CLANG_WARN_SUSPICIOUS_MOVE = YES;
				CLANG_WARN_UNREACHABLE_CODE = YES;
				CLANG_WARN__DUPLICATE_METHOD_MATCH = YES;
				"CODE_SIGN_IDENTITY[sdk=iphoneos*]" = "iPhone Developer";
				COPY_PHASE_STRIP = NO;
				DEBUG_INFORMATION_FORMAT = dwarf;
				ENABLE_STRICT_OBJC_MSGSEND = YES;
				ENABLE_TESTABILITY = YES;
				GCC_C_LANGUAGE_STANDARD = gnu99;
				GCC_DYNAMIC_NO_PIC = NO;
				GCC_NO_COMMON_BLOCKS = YES;
				GCC_OPTIMIZATION_LEVEL = 0;
				GCC_PREPROCESSOR_DEFINITIONS = (
					"DEBUG=1",
					"$(inherited)",
				);
				GCC_WARN_64_TO_32_BIT_CONVERSION = YES;
				GCC_WARN_ABOUT_RETURN_TYPE = YES_ERROR;
				GCC_WARN_UNDECLARED_SELECTOR = YES;
				GCC_WARN_UNINITIALIZED_AUTOS = YES_AGGRESSIVE;
				GCC_WARN_UNUSED_FUNCTION = YES;
				GCC_WARN_UNUSED_VARIABLE = YES;
				IPHONEOS_DEPLOYMENT_TARGET = 10.2;
				MTL_ENABLE_DEBUG_INFO = YES;
				ONLY_ACTIVE_ARCH = YES;
				SDKROOT = iphoneos;
				SWIFT_ACTIVE_COMPILATION_CONDITIONS = DEBUG;
				SWIFT_OPTIMIZATION_LEVEL = "-Onone";
				TARGETED_DEVICE_FAMILY = "1,2";
			};
			name = Debug;
		};
		479A27AB1E1A870F00AB905B /* Release */ = {
			isa = XCBuildConfiguration;
			buildSettings = {
				ALWAYS_SEARCH_USER_PATHS = NO;
				CLANG_ANALYZER_NONNULL = YES;
				CLANG_CXX_LANGUAGE_STANDARD = "gnu++0x";
				CLANG_CXX_LIBRARY = "libc++";
				CLANG_ENABLE_MODULES = YES;
				CLANG_ENABLE_OBJC_ARC = YES;
				CLANG_WARN_BOOL_CONVERSION = YES;
				CLANG_WARN_CONSTANT_CONVERSION = YES;
				CLANG_WARN_DIRECT_OBJC_ISA_USAGE = YES_ERROR;
				CLANG_WARN_DOCUMENTATION_COMMENTS = YES;
				CLANG_WARN_EMPTY_BODY = YES;
				CLANG_WARN_ENUM_CONVERSION = YES;
				CLANG_WARN_INFINITE_RECURSION = YES;
				CLANG_WARN_INT_CONVERSION = YES;
				CLANG_WARN_OBJC_ROOT_CLASS = YES_ERROR;
				CLANG_WARN_SUSPICIOUS_MOVE = YES;
				CLANG_WARN_UNREACHABLE_CODE = YES;
				CLANG_WARN__DUPLICATE_METHOD_MATCH = YES;
				"CODE_SIGN_IDENTITY[sdk=iphoneos*]" = "iPhone Developer";
				COPY_PHASE_STRIP = NO;
				DEBUG_INFORMATION_FORMAT = "dwarf-with-dsym";
				ENABLE_NS_ASSERTIONS = NO;
				ENABLE_STRICT_OBJC_MSGSEND = YES;
				GCC_C_LANGUAGE_STANDARD = gnu99;
				GCC_NO_COMMON_BLOCKS = YES;
				GCC_WARN_64_TO_32_BIT_CONVERSION = YES;
				GCC_WARN_ABOUT_RETURN_TYPE = YES_ERROR;
				GCC_WARN_UNDECLARED_SELECTOR = YES;
				GCC_WARN_UNINITIALIZED_AUTOS = YES_AGGRESSIVE;
				GCC_WARN_UNUSED_FUNCTION = YES;
				GCC_WARN_UNUSED_VARIABLE = YES;
				IPHONEOS_DEPLOYMENT_TARGET = 10.2;
				MTL_ENABLE_DEBUG_INFO = NO;
				SDKROOT = iphoneos;
				SWIFT_OPTIMIZATION_LEVEL = "-Owholemodule";
				TARGETED_DEVICE_FAMILY = "1,2";
				VALIDATE_PRODUCT = YES;
			};
			name = Release;
		};
		479A27AD1E1A870F00AB905B /* Debug */ = {
			isa = XCBuildConfiguration;
			buildSettings = {
				ASSETCATALOG_COMPILER_APPICON_NAME = AppIcon;
				CODE_SIGN_ENTITLEMENTS = Pollster/Pollster.entitlements;
				DEVELOPMENT_TEAM = 5D8357SCSF;
				INFOPLIST_FILE = Pollster/Info.plist;
				LD_RUNPATH_SEARCH_PATHS = "$(inherited) @executable_path/Frameworks";
				PRODUCT_BUNDLE_IDENTIFIER = com.alekseyneronov.Pollster;
				PRODUCT_NAME = "$(TARGET_NAME)";
				SWIFT_VERSION = 3.0;
			};
			name = Debug;
		};
		479A27AE1E1A870F00AB905B /* Release */ = {
			isa = XCBuildConfiguration;
			buildSettings = {
				ASSETCATALOG_COMPILER_APPICON_NAME = AppIcon;
				CODE_SIGN_ENTITLEMENTS = Pollster/Pollster.entitlements;
				DEVELOPMENT_TEAM = 5D8357SCSF;
				INFOPLIST_FILE = Pollster/Info.plist;
				LD_RUNPATH_SEARCH_PATHS = "$(inherited) @executable_path/Frameworks";
				PRODUCT_BUNDLE_IDENTIFIER = com.alekseyneronov.Pollster;
				PRODUCT_NAME = "$(TARGET_NAME)";
				SWIFT_VERSION = 3.0;
			};
			name = Release;
		};
/* End XCBuildConfiguration section */

/* Begin XCConfigurationList section */
		479A27951E1A870F00AB905B /* Build configuration list for PBXProject "Pollster" */ = {
			isa = XCConfigurationList;
			buildConfigurations = (
				479A27AA1E1A870F00AB905B /* Debug */,
				479A27AB1E1A870F00AB905B /* Release */,
			);
			defaultConfigurationIsVisible = 0;
			defaultConfigurationName = Release;
		};
		479A27AC1E1A870F00AB905B /* Build configuration list for PBXNativeTarget "Pollster" */ = {
			isa = XCConfigurationList;
			buildConfigurations = (
				479A27AD1E1A870F00AB905B /* Debug */,
				479A27AE1E1A870F00AB905B /* Release */,
			);
			defaultConfigurationIsVisible = 0;
			defaultConfigurationName = Release;
		};
/* End XCConfigurationList section */
	};
	rootObject = 479A27921E1A870F00AB905B /* Project object */;
}
